{
    "_meta": {
        "hash": {
            "sha256": "32ac6e6b9e4dd42129567942794655f80259dfa7949dbd740d2d2dbb80db5fbd"
        },
        "pipfile-spec": 6,
        "requires": {
            "python_version": "3.11"
        },
        "sources": [
            {
                "name": "pypi",
                "url": "https://pypi.org/simple",
                "verify_ssl": true
            }
        ]
    },
    "default": {
        "bleak": {
            "hashes": [
                "sha256:4600cc5852f2392ce886547e127623f188e689489c5946d422172adf80635cf9",
                "sha256:61ac1925073b580c896a92a8c404088c5e5ec9dc3c5bd6fc17554a15779d83de"
            ],
            "index": "pypi",
            "markers": "python_version >= '3.10'",
            "version": "==2.1.1"
        },
        "certifi": {
            "hashes": [
                "sha256:9943707519e4add1115f44c2bc244f782c0249876bf51b6599fee1ffbedd685c",
                "sha256:ac726dd470482006e014ad384921ed6438c457018f4b3d204aea4281258b2120"
            ],
            "markers": "python_version >= '3.7'",
            "version": "==2026.1.4"
        },
        "charset-normalizer": {
            "hashes": [
                "sha256:027f6de494925c0ab2a55eab46ae5129951638a49a34d87f4c3eda90f696b4ad",
                "sha256:077fbb858e903c73f6c9db43374fd213b0b6a778106bc7032446a8e8b5b38b93",
                "sha256:0a98e6759f854bd25a58a73fa88833fba3b7c491169f86ce1180c948ab3fd394",
                "sha256:0d3d8f15c07f86e9ff82319b3d9ef6f4bf907608f53fe9d92b28ea9ae3d1fd89",
                "sha256:0f04b14ffe5fdc8c4933862d8306109a2c51e0704acfa35d51598eb45a1e89fc",
                "sha256:11d694519d7f29d6cd09f6ac70028dba10f92f6cdd059096db198c283794ac86",
                "sha256:194f08cbb32dc406d6e1aea671a68be0823673db2832b38405deba2fb0d88f63",
                "sha256:1bee1e43c28aa63cb16e5c14e582580546b08e535299b8b6158a7c9c768a1f3d",
                "sha256:21d142cc6c0ec30d2efee5068ca36c128a30b0f2c53c1c07bd78cb6bc1d3be5f",
                "sha256:2437418e20515acec67d86e12bf70056a33abdacb5cb1655042f6538d6b085a8",
                "sha256:244bfb999c71b35de57821b8ea746b24e863398194a4014e4c76adc2bbdfeff0",
                "sha256:2677acec1a2f8ef614c6888b5b4ae4060cc184174a938ed4e8ef690e15d3e505",
                "sha256:277e970e750505ed74c832b4bf75dac7476262ee2a013f5574dd49075879e161",
                "sha256:2aaba3b0819274cc41757a1da876f810a3e4d7b6eb25699253a4effef9e8e4af",
                "sha256:2b7d8f6c26245217bd2ad053761201e9f9680f8ce52f0fcd8d0755aeae5b2152",
                "sha256:2c9d3c380143a1fedbff95a312aa798578371eb29da42106a29019368a475318",
                "sha256:3162d5d8ce1bb98dd51af660f2121c55d0fa541b46dff7bb9b9f86ea1d87de72",
                "sha256:31fd66405eaf47bb62e8cd575dc621c56c668f27d46a61d975a249930dd5e2a4",
                "sha256:362d61fd13843997c1c446760ef36f240cf81d3ebf74ac62652aebaf7838561e",
                "sha256:376bec83a63b8021bb5c8ea75e21c4ccb86e7e45ca4eb81146091b56599b80c3",
                "sha256:44c2a8734b333e0578090c4cd6b16f275e07aa6614ca8715e6c038e865e70576",
                "sha256:47cc91b2f4dd2833fddaedd2893006b0106129d4b94fdb6af1f4ce5a9965577c",
                "sha256:4902828217069c3c5c71094537a8e623f5d097858ac6ca8252f7b4d10b7560f1",
                "sha256:4bd5d4137d500351a30687c2d3971758aac9a19208fc110ccb9d7188fbe709e8",
                "sha256:4fe7859a4e3e8457458e2ff592f15ccb02f3da787fcd31e0183879c3ad4692a1",
                "sha256:542d2cee80be6f80247095cc36c418f7bddd14f4a6de45af91dfad36d817bba2",
                "sha256:554af85e960429cf30784dd47447d5125aaa3b99a6f0683589dbd27e2f45da44",
                "sha256:5833d2c39d8896e4e19b689ffc198f08ea58116bee26dea51e362ecc7cd3ed26",
                "sha256:5947809c8a2417be3267efc979c47d76a079758166f7d43ef5ae8e9f92751f88",
                "sha256:5ae497466c7901d54b639cf42d5b8c1b6a4fead55215500d2f486d34db48d016",
                "sha256:5bd2293095d766545ec1a8f612559f6b40abc0eb18bb2f5d1171872d34036ede",
                "sha256:5bfbb1b9acf3334612667b61bd3002196fe2a1eb4dd74d247e0f2a4d50ec9bbf",
                "sha256:5cb4d72eea50c8868f5288b7f7f33ed276118325c1dfd3957089f6b519e1382a",
                "sha256:5dbe56a36425d26d6cfb40ce79c314a2e4dd6211d51d6d2191c00bed34f354cc",
                "sha256:5f819d5fe9234f9f82d75bdfa9aef3a3d72c4d24a6e57aeaebba32a704553aa0",
                "sha256:64b55f9dce520635f018f907ff1b0df1fdc31f2795a922fb49dd14fbcdf48c84",
                "sha256:6515f3182dbe4ea06ced2d9e8666d97b46ef4c75e326b79bb624110f122551db",
                "sha256:65e2befcd84bc6f37095f5961e68a6f077bf44946771354a28ad434c2cce0ae1",
                "sha256:6aee717dcfead04c6eb1ce3bd29ac1e22663cdea57f943c87d1eab9a025438d7",
                "sha256:6b39f987ae8ccdf0d2642338faf2abb1862340facc796048b604ef14919e55ed",
                "sha256:6e1fcf0720908f200cd21aa4e6750a48ff6ce4afe7ff5a79a90d5ed8a08296f8",
                "sha256:74018750915ee7ad843a774364e13a3db91682f26142baddf775342c3f5b1133",
                "sha256:74664978bb272435107de04e36db5a9735e78232b85b77d45cfb38f758efd33e",
                "sha256:74bb723680f9f7a6234dcf67aea57e708ec1fbdf5699fb91dfd6f511b0a320ef",
                "sha256:752944c7ffbfdd10c074dc58ec2d5a8a4cd9493b314d367c14d24c17684ddd14",
                "sha256:778d2e08eda00f4256d7f672ca9fef386071c9202f5e4607920b86d7803387f2",
                "sha256:780236ac706e66881f3b7f2f32dfe90507a09e67d1d454c762cf642e6e1586e0",
                "sha256:798d75d81754988d2565bff1b97ba5a44411867c0cf32b77a7e8f8d84796b10d",
                "sha256:799a7a5e4fb2d5898c60b640fd4981d6a25f1c11790935a44ce38c54e985f828",
                "sha256:7a32c560861a02ff789ad905a2fe94e3f840803362c84fecf1851cb4cf3dc37f",
                "sha256:7c308f7e26e4363d79df40ca5b2be1c6ba9f02bdbccfed5abddb7859a6ce72cf",
                "sha256:7fa17817dc5625de8a027cb8b26d9fefa3ea28c8253929b8d6649e705d2835b6",
                "sha256:81d5eb2a312700f4ecaa977a8235b634ce853200e828fbadf3a9c50bab278328",
                "sha256:82004af6c302b5d3ab2cfc4cc5f29db16123b1a8417f2e25f9066f91d4411090",
                "sha256:837c2ce8c5a65a2035be9b3569c684358dfbf109fd3b6969630a87535495ceaa",
                "sha256:840c25fb618a231545cbab0564a799f101b63b9901f2569faecd6b222ac72381",
                "sha256:8a6562c3700cce886c5be75ade4a5db4214fda19fede41d9792d100288d8f94c",
                "sha256:8af65f14dc14a79b924524b1e7fffe304517b2bff5a58bf64f30b98bbc5079eb",
                "sha256:8ef3c867360f88ac904fd3f5e1f902f13307af9052646963ee08ff4f131adafc",
                "sha256:94537985111c35f28720e43603b8e7b43a6ecfb2ce1d3058bbe955b73404e21a",
                "sha256:99ae2cffebb06e6c22bdc25801d7b30f503cc87dbd283479e7b606f70aff57ec",
                "sha256:9a26f18905b8dd5d685d6d07b0cdf98a79f3c7a918906af7cc143ea2e164c8bc",
                "sha256:9b35f4c90079ff2e2edc5b26c0c77925e5d2d255c42c74fdb70fb49b172726ac",
                "sha256:9cd98cdc06614a2f768d2b7286d66805f94c48cde050acdbbb7db2600ab3197e",
                "sha256:9d1bb833febdff5c8927f922386db610b49db6e0d4f4ee29601d71e7c2694313",
                "sha256:9f7fcd74d410a36883701fafa2482a6af2ff5ba96b9a620e9e0721e28ead5569",
                "sha256:a59cb51917aa591b1c4e6a43c132f0cdc3c76dbad6155df4e28ee626cc77a0a3",
                "sha256:a61900df84c667873b292c3de315a786dd8dac506704dea57bc957bd31e22c7d",
                "sha256:a79cfe37875f822425b89a82333404539ae63dbdddf97f84dcbc3d339aae9525",
                "sha256:a8a8b89589086a25749f471e6a900d3f662d1d3b6e2e59dcecf787b1cc3a1894",
                "sha256:a8bf8d0f749c5757af2142fe7903a9df1d2e8aa3841559b2bad34b08d0e2bcf3",
                "sha256:a9768c477b9d7bd54bc0c86dbaebdec6f03306675526c9927c0e8a04e8f94af9",
                "sha256:ac1c4a689edcc530fc9d9aa11f5774b9e2f33f9a0c6a57864e90908f5208d30a",
                "sha256:af2d8c67d8e573d6de5bc30cdb27e9b95e49115cd9baad5ddbd1a6207aaa82a9",
                "sha256:b435cba5f4f750aa6c0a0d92c541fb79f69a387c91e61f1795227e4ed9cece14",
                "sha256:b5b290ccc2a263e8d185130284f8501e3e36c5e02750fc6b6bdeb2e9e96f1e25",
                "sha256:b5d84d37db046c5ca74ee7bb47dd6cbc13f80665fdde3e8040bdd3fb015ecb50",
                "sha256:b7cf1017d601aa35e6bb650b6ad28652c9cd78ee6caff19f3c28d03e1c80acbf",
                "sha256:bc7637e2f80d8530ee4a78e878bce464f70087ce73cf7c1caf142416923b98f1",
                "sha256:c0463276121fdee9c49b98908b3a89c39be45d86d1dbaa22957e38f6321d4ce3",
                "sha256:c4ef880e27901b6cc782f1b95f82da9313c0eb95c3af699103088fa0ac3ce9ac",
                "sha256:c8ae8a0f02f57a6e61203a31428fa1d677cbe50c93622b4149d5c0f319c1d19e",
                "sha256:ca5862d5b3928c4940729dacc329aa9102900382fea192fc5e52eb69d6093815",
                "sha256:cb01158d8b88ee68f15949894ccc6712278243d95f344770fa7593fa2d94410c",
                "sha256:cb6254dc36b47a990e59e1068afacdcd02958bdcce30bb50cc1700a8b9d624a6",
                "sha256:cc00f04ed596e9dc0da42ed17ac5e596c6ccba999ba6bd92b0e0aef2f170f2d6",
                "sha256:cd09d08005f958f370f539f186d10aec3377d55b9eeb0d796025d4886119d76e",
                "sha256:cd4b7ca9984e5e7985c12bc60a6f173f3c958eae74f3ef6624bb6b26e2abbae4",
                "sha256:ce8a0633f41a967713a59c4139d29110c07e826d131a316b50ce11b1d79b4f84",
                "sha256:cead0978fc57397645f12578bfd2d5ea9138ea0fac82b2f63f7f7c6877986a69",
                "sha256:d055ec1e26e441f6187acf818b73564e6e6282709e9bcb5b63f5b23068356a15",
                "sha256:d1f13550535ad8cff21b8d757a3257963e951d96e20ec82ab44bc64aeb62a191",
                "sha256:d9c7f57c3d666a53421049053eaacdd14bbd0a528e2186fcb2e672effd053bb0",
                "sha256:d9e45d7faa48ee908174d8fe84854479ef838fc6a705c9315372eacbc2f02897",
                "sha256:da3326d9e65ef63a817ecbcc0df6e94463713b754fe293eaa03da99befb9a5bd",
                "sha256:de00632ca48df9daf77a2c65a484531649261ec9f25489917f09e455cb09ddb2",
                "sha256:e1f185f86a6f3403aa2420e815904c67b2f9ebc443f045edd0de921108345794",
                "sha256:e824f1492727fa856dd6eda4f7cee25f8518a12f3c4a56a74e8095695089cf6d",
                "sha256:e912091979546adf63357d7e2ccff9b44f026c075aeaf25a52d0e95ad2281074",
                "sha256:eaabd426fe94daf8fd157c32e571c85cb12e66692f15516a83a03264b08d06c3",
                "sha256:ebf3e58c7ec8a8bed6d66a75d7fb37b55e5015b03ceae72a8e7c74495551e224",
                "sha256:ecaae4149d99b1c9e7b88bb03e3221956f68fd6d50be2ef061b2381b61d20838",
                "sha256:eecbc200c7fd5ddb9a7f16c7decb07b566c29fa2161a16cf67b8d068bd21690a",
                "sha256:f155a433c2ec037d4e8df17d18922c3a0d9b3232a396690f17175d2946f0218d",
                "sha256:f1e34719c6ed0b92f418c7c780480b26b5d9c50349e9a9af7d76bf757530350d",
                "sha256:f34be2938726fc13801220747472850852fe6b1ea75869a048d6f896838c896f",
                "sha256:f820802628d2694cb7e56db99213f930856014862f3fd943d290ea8438d07ca8",
                "sha256:f8bf04158c6b607d747e93949aa60618b61312fe647a6369f88ce2ff16043490",
                "sha256:f8e160feb2aed042cd657a72acc0b481212ed28b1b9a95c0cee1621b524e1966",
                "sha256:f9d332f8c2a2fcbffe1378594431458ddbef721c1769d78e2cbc06280d8155f9",
                "sha256:fa09f53c465e532f4d3db095e0c55b615f010ad81803d383195b6b5ca6cbf5f3",
                "sha256:faa3a41b2b66b6e50f84ae4a68c64fcd0c44355741c6374813a800cd6695db9e",
                "sha256:fd44c878ea55ba351104cb93cc85e74916eb8fa440ca7903e57575e97394f608"
            ],
            "markers": "python_version >= '3.7'",
            "version": "==3.4.4"
        },
        "docutils": {
            "hashes": [
                "sha256:4db53b1fde9abecbb74d91230d32ab626d94f6badfc575d6db9194a49df29968",
                "sha256:d0013f540772d1420576855455d050a2180186c91c15779301ac2ccb3eeb68de"
            ],
            "markers": "python_version >= '3.9'",
            "version": "==0.22.4"
        },
        "filetype": {
            "hashes": [
                "sha256:66b56cd6474bf41d8c54660347d37afcc3f7d1970648de365c102ef77548aadb",
                "sha256:7ce71b6880181241cf7ac8697a2f1eb6a8bd9b429f7ad6d27b8db9ba5f1c2d25"
            ],
            "version": "==1.2.0"
        },
        "idna": {
            "hashes": [
                "sha256:771a87f49d9defaf64091e6e6fe9c18d4833f140bd19464795bc32d966ca37ea",
                "sha256:795dafcc9c04ed0c1fb032c2aa73654d8e8c5023a7df64a53f39190ada629902"
            ],
            "markers": "python_version >= '3.8'",
            "version": "==3.11"
        },
        "kivy": {
            "hashes": [
                "sha256:002de19fef53955c48108758beea3092cf281326642d2e71eca1c443f4227cce",
                "sha256:0833949e3502cdb4abcf9c1da4384674045ad7d85644313aa1ee7573f3b4f9d9",
                "sha256:2046f6608d17b6c1a0530ac9aa127307fa25f6f75764f1d60428a1c0f6c0af88",
                "sha256:2be79fe1494b6e60cb5aa5f124c37961530417cf27a53171b5a72c9e4c7d41cf",
                "sha256:38a265ff95120694ab7dfc29ed2ccdec40a8a47344387b886f498449b0c3c66c",
                "sha256:3d6215762510b463b0461d173f8a0b22e449beb12ba79cf151e18aa1d3d12a40",
                "sha256:3f74679ef305f0ed0d8bb3599a2dddc80ffc81157bdc07947498dd689fc9a5d9",
                "sha256:445b6054afcd08fd271b75e5552a72a5ffb122b05e8511e46bf69e3b5e344d31",
                "sha256:663e9b2fe5002f53371b3ad3712dccdaaa96905bbeaa83d7c7e64f3c44fec94e",
                "sha256:748163206ce95aab5aaad1ada772a79e422a80b6308623510e74a1b7baf80f0a",
                "sha256:7e473b10e9b9a49a6475760fd1f7d674873852f9561505ff6b4d8e5f1691d4f9",
                "sha256:91c836b7c2b4958fb4b3839f63b1724435bd617548baace0602c122d39756746",
                "sha256:950d17e275f817ca34cc7c9d55f9d229067e2f7fbd0fad985a74c94893f7e739",
                "sha256:acb58843763075818de919989a73657307f4d833a7cc5547c1b16c226e260e5d",
                "sha256:ace93c166c9400f9435cfd3bd179b5ef9fdd40d69ee8171a6b8beba08c402d09",
                "sha256:ae8168549c822a7122044965715d9f953a1862fdef132ea7725df8c1d2f19e5c",
                "sha256:b5127af11c2fc1299f2331402fe4f6edb0985711c2841fbfdf509830c058c78e",
                "sha256:b7a1799b19f6ab3bcfcef1e729a0229cee646167a1633e067c2add6978f928bb",
                "sha256:ba83dd8266fc2b1247de18c5e8114fa47ea20eb33eb7c3a9e2eb6202b9778088",
                "sha256:bfe25296e9612cbfa2b68cfb0ccd3c80db1441c11261a9e131d5f8fed7618c2c",
                "sha256:d28ad14162554abd0324ae8f66ce2f374c05456d2656d60cfa80814f715d62c0",
                "sha256:d8d9e57501961c5d45e5a2c5af0caef24e48f43a0cd88f607eb3b517198cfec4",
                "sha256:d9e92c4894f99685d822ab7d059a3912bbff17d812e64a12ed3cf0acd37924cb",
                "sha256:ee628e5dbe5e397ceeeda7b49cf4c800b79a695c6345fee1a8f1b71d3fc530bb",
                "sha256:f180280df46a8c2f9988159938aa1a3e5a0094060d9586ea79df4b4ead9cad98"
            ],
            "index": "pypi",
            "markers": "python_version >= '3.8'",
            "version": "==2.3.1"
        },
        "kivy-deps.angle": {
            "hashes": [
                "sha256:1bbacf20bf6bd6ee965388f95d937c8fba2c54916fb44faa166c2ba58276753c",
                "sha256:24cfc0076d558080a00c443c7117311b4a977c1916fe297232eff1fd6f62651e",
                "sha256:48592ac6f7c183c5cd10d9ebe43d4148d0b2b9e400a2b0bcb5d21014cc929ce2",
                "sha256:4fa7a6366899fba13f7624baf4645787165f45731db08d14557da29c12ee48f0",
                "sha256:574381d4e66f3198bc48aa10f238e7a3816ad56b80ec939f5d56fb33a378d0b1",
                "sha256:6546a62aba2b7e18a800b3df79daa757af3a980c297646c986896522395794e2",
                "sha256:668e670d4afd2551af0af2c627ceb0feac884bd799fb6a3dff78fdbfa2ea0451",
                "sha256:71f2f01a3a7bbe1d4790e2a64e64a0ea8ae154418462ea407799ed66898b2c1f",
                "sha256:7873a551e488afa5044c4949a4aa42c4a4c4290469f0a6dd861e6b95283c9638",
                "sha256:9afbf702f8bb9a993c48f39c018ca3b4d2ec381a5d3f82fe65bdaa6af0bba29b",
                "sha256:bfaf9b37f2ecc3e4e7736657eed507716477af35cdd3118903e999d9d567ae8c",
                "sha256:c3899ff1f3886b80b155955bad07bfa33bbebd97718cdf46dfd788dc467124bc",
                "sha256:e2ba4e390b02ad5bcb57b43a9227fa27ff55e69cd715a87217b324195eb267c3"
            ],
            "markers": "sys_platform == 'win32'",
            "version": "==0.4.0"
        },
        "kivy-deps.glew": {
            "hashes": [
                "sha256:00f4ae0a4682d951266458ddb639451edb24baa54a35215dce889209daf19a06",
                "sha256:081a09b92f7e7817f489f8b6b31c9c9623661378de1dce1d6b097af5e7d42b45",
                "sha256:22e155ec59ce717387f5d8804811206d200a023ba3d0bc9bbf1393ee28d0053e",
                "sha256:3acbbd30da05fc10c185b5d4bb75fbbc882a6ef2192963050c1c94d60a6e795a",
                "sha256:3f8b89dcf1846032d7a9c5ef88b0ee9cbd13366e9b4c85ada61e01549a910677",
                "sha256:4e377ed97670dfda619a1b63a82345a8589be90e7c616a458fba2810708810b1",
                "sha256:5bf6a63fe9cc4fe7bbf280ec267ec8c47914020a1175fb22152525ff1837b436",
                "sha256:8f4b3ed15acb62474909b6d41661ffb4da9eb502bb5684301fb2da668f288a58",
                "sha256:aef2d2a93f129d8425c75234e7f6cc0a34b59a4aee67f6d2cd7a5fdfa9915b53",
                "sha256:b64ee4e445a04bc7c848c0261a6045fc2f0944cc05d7f953e3860b49f2703424",
                "sha256:d64a8625799fab7a7efeb3661ef8779a7f9c6d80da53eed87a956320f55530fa",
                "sha256:ee2f80ef7ac70f4b61c50da8101b024308a8c59a57f7f25a6e09762b6c48f942",
                "sha256:f12bd302dc65ed683bdc03cbbb301f23c2220d8837bca444529858a8b1767acc",
                "sha256:f4aa8322078359862ccd9e16e5cea61976d75fb43125d87922e20c916fa31a11"
            ],
            "markers": "sys_platform == 'win32'",
            "version": "==0.3.1"
        },
        "kivy-deps.sdl2": {
            "hashes": [
                "sha256:56b1c44565b5e8cfc510585db13396edfc605965254f49ed8931189c546d481f",
                "sha256:5af0a3b318a6ec9e0f0c1d476a4af4b2d0cbcce4dbfd89bc4681c33bcd6b3bcd",
                "sha256:5e9f8c0c1e76eb43f0bad8f36c5b92a46fb5696f733ec441db45e6864b1d4065",
                "sha256:ae3735480841ec9a57c0fb26e8647adee474a3d746147e3d75a1fc177c0fbc01",
                "sha256:bfe0cfca77883dde7e297b3b6039fa9cd7ee8df6b0d12516b38addb0551a574c",
                "sha256:dbaa6718e66e8cd4967c2d4021e05114c558342e2468a86c0bce917bea10003f"
            ],
            "markers": "sys_platform == 'win32'",
            "version": "==0.8.0"
        },
        "kivy-garden": {
            "hashes": [
                "sha256:2b8377378e87501d5d271f33d94f0e44c089884572c64f89c9d609b1f86a2748",
                "sha256:ef50f44b96358cf10ac5665f27a4751bb34ef54051c54b93af891f80afe42929"
            ],
            "version": "==0.1.5"
        },
        "numpy": {
            "hashes": [
                "sha256:0093e85df2960d7e4049664b26afc58b03236e967fb942354deef3208857a04c",
                "sha256:09aa8a87e45b55a1c2c205d42e2808849ece5c484b2aab11fecabec3841cafba",
                "sha256:0cce2a669e3c8ba02ee563c7835f92c153cf02edff1ae05e1823f1dde21b16a5",
                "sha256:0e6e8f9d9ecf95399982019c01223dc130542960a12edfa8edd1122dfa66a8a8",
                "sha256:0f118ce6b972080ba0758c6087c3617b5ba243d806268623dc34216d69099ba0",
                "sha256:178de8f87948163d98a4c9ab5bee4ce6519ca918926ec8df195af582de28544d",
                "sha256:18e14c4d09d55eef39a6ab5b08406e84bc6869c1e34eef45564804f90b7e0574",
                "sha256:2023ef86243690c2791fd6353e5b4848eedaa88ca8a2d129f462049f6d484696",
                "sha256:20d4649c773f66cc2fc36f663e091f57c3b7655f936a4c681b4250855d1da8f5",
                "sha256:2302dc0224c1cbc49bb94f7064f3f923a971bfae45c33870dcbff63a2a550505",
                "sha256:26f0bcd9c79a00e339565b303badc74d3ea2bd6d52191eeca5f95936cad107d0",
                "sha256:297c72b1b98100c2e8f873d5d35fb551fce7040ade83d67dd51d38c8d42a2162",
                "sha256:2f44de05659b67d20499cbc96d49f2650769afcb398b79b324bb6e297bfe3844",
                "sha256:2ffd257026eb1b34352e749d7cc1678b5eeec3e329ad8c9965a797e08ccba205",
                "sha256:382ad67d99ef49024f11d1ce5dcb5ad8432446e4246a4b014418ba3a1175a1f4",
                "sha256:3869ea1ee1a1edc16c29bbe3a2f2a4e515cc3a44d43903ad41e0cacdbaf733dc",
                "sha256:3d1a100e48cb266090a031397863ff8a30050ceefd798f686ff92c67a486753d",
                "sha256:423797bdab2eeefbe608d7c1ec7b2b4fd3c58d51460f1ee26c7500a1d9c9ee93",
                "sha256:42d7dd5fa36d16d52a84f821eb96031836fd405ee6955dd732f2023724d0aa01",
                "sha256:49e792ec351315e16da54b543db06ca8a86985ab682602d90c60ef4ff4db2a9c",
                "sha256:4e53170557d37ae404bf8d542ca5b7c629d6efa1117dac6a83e394142ea0a43f",
                "sha256:4f1b68ff47680c2925f8063402a693ede215f0257f02596b1318ecdfb1d79e33",
                "sha256:4f9c360ecef085e5841c539a9a12b883dff005fbd7ce46722f5e9cef52634d82",
                "sha256:529050522e983e00a6c1c6b67411083630de8b57f65e853d7b03d9281b8694d2",
                "sha256:52b5f61bdb323b566b528899cc7db2ba5d1015bda7ea811a8bcf3c89c331fa42",
                "sha256:538bf4ec353709c765ff75ae616c34d3c3dca1a68312727e8f2676ea644f8509",
                "sha256:5adf01965456a664fc727ed69cc71848f28d063217c63e1a0e200a118d5eec9a",
                "sha256:5b55aa56165b17aaf15520beb9cbd33c9039810e0d9643dd4379e44294c7303e",
                "sha256:5d558123217a83b2d1ba316b986e9248a1ed1971ad495963d555ccd75dcb1556",
                "sha256:5de60946f14ebe15e713a6f22850c2372fa72f4ff9a432ab44aa90edcadaa65a",
                "sha256:62fea415f83ad8fdb6c20840578e5fbaf5ddd65e0ec6c3c47eda0f69da172510",
                "sha256:6436cffb4f2bf26c974344439439c95e152c9a527013f26b3577be6c2ca64295",
                "sha256:6461de5113088b399d655d45c3897fa188766415d0f568f175ab071c8873bd73",
                "sha256:69e7419c9012c4aaf695109564e3387f1259f001b4326dfa55907b098af082d3",
                "sha256:71abbea030f2cfc3092a0ff9f8c8fdefdc5e0bf7d9d9c99663538bb0ecdac0b9",
                "sha256:7211b95ca365519d3596a1d8688a95874cc94219d417504d9ecb2df99fa7bfa8",
                "sha256:727c6c3275ddefa0dc078524a85e064c057b4f4e71ca5ca29a19163c607be745",
                "sha256:79e9e06c4c2379db47f3f6fc7a8652e7498251789bf8ff5bd43bf478ef314ca2",
                "sha256:7ad270f438cbdd402c364980317fb6b117d9ec5e226fff5b4148dd9aa9fc6e02",
                "sha256:7d5d7999df434a038d75a748275cd6c0094b0ecdb0837342b332a82defc4dc4d",
                "sha256:8097529164c0f3e32bb89412a0905d9100bf434d9692d9fc275e18dcf53c9344",
                "sha256:82c55962006156aeef1629b953fd359064aa47e4d82cfc8e67f0918f7da3344f",
                "sha256:8361ea4220d763e54cff2fbe7d8c93526b744f7cd9ddab47afeff7e14e8503be",
                "sha256:899d2c18024984814ac7e83f8f49d8e8180e2fbe1b2e252f2e7f1d06bea92425",
                "sha256:8ad35f20be147a204e28b6a0575fbf3540c5e5f802634d4258d55b1ff5facce1",
                "sha256:8f085da926c0d491ffff3096f91078cc97ea67e7e6b65e490bc8dcda65663be2",
                "sha256:9171a42fcad32dcf3fa86f0a4faa5e9f8facefdb276f54b8b390d90447cff4e2",
                "sha256:92a0e65272fd60bfa0d9278e0484c2f52fe03b97aedc02b357f33fe752c52ffb",
                "sha256:941c2a93313d030f219f3a71fd3d91a728b82979a5e8034eb2e60d394a2b83f9",
                "sha256:98b35775e03ab7f868908b524fc0a84d38932d8daf7b7e1c3c3a1b6c7a2c9f15",
                "sha256:a1ceafc5042451a858231588a104093474c6a5c57dcc724841f5c888d237d690",
                "sha256:a73044b752f5d34d4232f25f18160a1cc418ea4507f5f11e299d8ac36875f8a0",
                "sha256:a7870e8c5fc11aef57d6fea4b4085e537a3a60ad2cdd14322ed531fdca68d261",
                "sha256:a92f227dbcdc9e4c3e193add1a189a9909947d4f8504c576f4a732fd0b54240a",
                "sha256:ac08c63cb7779b85e9d5318e6c3518b424bc1f364ac4cb2c6136f12e5ff2dccc",
                "sha256:b6bcf39112e956594b3331316d90c90c90fb961e39696bda97b89462f5f3943f",
                "sha256:c0faba4a331195bfa96f93dd9dfaa10b2c7aa8cda3a02b7fd635e588fe821bf5",
                "sha256:ce9ce141a505053b3c7bce3216071f3bf5c182b8b28930f14cd24d43932cd2df",
                "sha256:cf6470d91d34bf669f61d515499859fa7a4c2f7c36434afb70e82df7217933f9",
                "sha256:d3703409aac693fa82c0aee023a1ae06a6e9d065dba10f5e8e80f642f1e9d0a2",
                "sha256:d3e3087f53e2b4428766b54932644d148613c5a595150533ae7f00dab2f319a8",
                "sha256:d3f8f0df9f4b8be57b3bf74a1d087fec68f927a2fab68231fdb442bf2c12e426",
                "sha256:d797454e37570cfd61143b73b8debd623c3c0952959adb817dd310a483d58a1b",
                "sha256:e1a27bb1b2dee45a2a53f5ca6ff2d1a7f135287883a1689e930d44d1ff296c87",
                "sha256:e3bd2cb07841166420d2fa7146c96ce00cb3410664cbc1a6be028e456c4ee220",
                "sha256:e7b6b5e28bbd47b7532698e5db2fe1db693d84b58c254e4389d99a27bb9b8f6b",
                "sha256:e867df947d427cdd7a60e3e271729090b0f0df80f5f10ab7dd436f40811699c3",
                "sha256:ea66d2b41ca4a1630aae5507ee0a71647d3124d1741980138aa8f28f44dac36e",
                "sha256:edee228f76ee2dab4579fad6f51f6a305de09d444280109e0f75df247ff21501",
                "sha256:f0a90aba7d521e6954670550e561a4cb925713bd944445dbe9e729b71f6cabee",
                "sha256:f93bc6892fe7b0663e5ffa83b61aab510aacffd58c16e012bb9352d489d90cb7",
                "sha256:fb1461c99de4d040666ca0444057b06541e5642f800b71c56e6ea92d6a853a0c"
            ],
            "index": "pypi",
            "markers": "python_version >= '3.11'",
            "version": "==2.4.1"
        },
        "pygments": {
            "hashes": [
                "sha256:636cb2477cec7f8952536970bc533bc43743542f70392ae026374600add5b887",
                "sha256:86540386c03d588bb81d44bc3928634ff26449851e99741617ecb9037ee5ec0b"
            ],
            "markers": "python_version >= '3.8'",
            "version": "==2.19.2"
        },
        "pypiwin32": {
            "hashes": [
                "sha256:67adf399debc1d5d14dffc1ab5acacb800da569754fafdc576b2a039485aa775",
                "sha256:71be40c1fbd28594214ecaecb58e7aa8b708eabfa0125c8a109ebd51edbd776a"
            ],
            "markers": "sys_platform == 'win32'",
            "version": "==223"
        },
        "pywin32": {
            "hashes": [
                "sha256:0502d1facf1fed4839a9a51ccbcc63d952cf318f78ffc00a7e78528ac27d7a2b",
                "sha256:184eb5e436dea364dcd3d2316d577d625c0351bf237c4e9a5fabbcfa5a58b151",
                "sha256:3aca44c046bd2ed8c90de9cb8427f581c479e594e99b5c0bb19b29c10fd6cb87",
                "sha256:3ce80b34b22b17ccbd937a6e78e7225d80c52f5ab9940fe0506a1a16f3dab503",
                "sha256:62ea666235135fee79bb154e695f3ff67370afefd71bd7fea7512fc70ef31e3d",
                "sha256:6c6f2969607b5023b0d9ce2541f8d2cbb01c4f46bc87456017cf63b73f1e2d8c",
                "sha256:718a38f7e5b058e76aee1c56ddd06908116d35147e133427e59a3983f703a20d",
                "sha256:750ec6e621af2b948540032557b10a2d43b0cee2ae9758c54154d711cc852d31",
                "sha256:797c2772017851984b97180b0bebe4b620bb86328e8a884bb626156295a63b3b",
                "sha256:7b4075d959648406202d92a2310cb990fea19b535c7f4a78d3f5e10b926eeb8a",
                "sha256:a508e2d9025764a8270f93111a970e1d0fbfc33f4153b388bb649b7eec4f9b42",
                "sha256:a733f1388e1a842abb67ffa8e7aad0e70ac519e09b0f6a784e65a136ec7cefd2",
                "sha256:aba8f82d551a942cb20d4a83413ccbac30790b50efb89a75e4f586ac0bb8056b",
                "sha256:b7a2c10b93f8986666d0c803ee19b5990885872a7de910fc460f9b0c2fbf92ee",
                "sha256:b8c095edad5c211ff31c05223658e71bf7116daa0ecf3ad85f3201ea3190d067",
                "sha256:c8015b09fb9a5e188f83b7b04de91ddca4658cee2ae6f3bc483f0b21a77ef6cd",
                "sha256:d03ff496d2a0cd4a5893504789d4a15399133fe82517455e78bad62efbb7f0a3",
                "sha256:e0c4cfb0621281fe40387df582097fd796e80430597cb9944f0ae70447bacd91",
                "sha256:e286f46a9a39c4a18b319c28f59b61de793654af2f395c102b4f819e584b5852",
                "sha256:f95ba5a847cba10dd8c4d8fefa9f2a6cf283b8b88ed6178fa8a6c1ab16054d0d"
            ],
            "version": "==311"
        },
        "requests": {
            "hashes": [
                "sha256:2462f94637a34fd532264295e186976db0f5d453d1cdd31473c85a6a161affb6",
                "sha256:dbba0bac56e100853db0ea71b82b4dfd5fe2bf6d3754a8893c3af500cec7d7cf"
            ],
            "markers": "python_version >= '3.9'",
            "version": "==2.32.5"
        },
        "typing-extensions": {
            "hashes": [
                "sha256:0cea48d173cc12fa28ecabc3b837ea3cf6f38c6d1136f85cbaaf598984861466",
                "sha256:f0fa19c6845758ab08074a0cfa8b7aecb71c999ca73d62883bc25cc018c4e548"
            ],
            "markers": "python_version < '3.12'",
            "version": "==4.15.0"
        },
        "urllib3": {
            "hashes": [
                "sha256:1b62b6884944a57dbe321509ab94fd4d3b307075e0c2eae991ac71ee15ad38ed",
                "sha256:bf272323e553dfb2e87d9bfd225ca7b0f467b919d7bbd355436d3fd37cb0acd4"
            ],
            "markers": "python_version >= '3.9'",
            "version": "==2.6.3"
        },
        "winrt-runtime": {
            "hashes": [
                "sha256:06510db215d4f0dc45c00fbb1251c6544e91742a0ad928011db33b30677e1576",
                "sha256:07c0cb4a53a4448c2cb7597b62ae8c94343c289eeebd8f83f946eb2c817bde01",
                "sha256:14562c29a087ccad38e379e585fef333e5c94166c807bdde67b508a6261aa195",
                "sha256:1856325ca3354b45e0789cf279be9a882134085d34214946db76110d98391efa",
                "sha256:25a2d1e2b45423742319f7e10fa8ca2e7063f01284b6e85e99d805c4b50bbfb3",
                "sha256:28f3dab083412625ff4d2b46e81246932e6bebddf67bea7f05e01712f54e6159",
                "sha256:35d6241a2ebd5598e4788e69768b8890ee1eee401a819865767a1fbdd3e9a650",
                "sha256:363f584b1e9fcb601e3e178636d8877e6f0537ac3c96ce4a96f06066f8ff0eae",
                "sha256:3c1fdcaeedeb2920dc3b9039db64089a6093cad2be56a3e64acc938849245a6d",
                "sha256:44e2733bc709b76c554aee6c7fe079443b8306b2e661e82eecfebe8b9d71e4d1",
                "sha256:762b3d972a2f7037f7db3acbaf379dd6d8f6cda505f71f66c6b425d1a1eae2f1",
                "sha256:9b6298375468ac2f6815d0c008a059fc16508c8f587e824c7936ed9216480dad",
                "sha256:9e9b64f1ba631cc4b9fe60b8ff16fef3f32c7ce2fcc84735a63129ff8b15c022",
                "sha256:c0a9046ae416808420a358c51705af8ae100acd40bc578be57ddfdd51cbb0f9c",
                "sha256:c8dca19e12b234ae6c3dadf1a4d0761b51e708457492c13beb666556958801ea",
                "sha256:cf237858de1d62e4c9b132c66b52028a7a3e8534e8ab90b0e29a68f24f7be39d",
                "sha256:dc81d5fb736bf1ddecf743928622253dce4d0aac9a57faad776d7a3834e13257",
                "sha256:e36e587ab5fd681ee472cd9a5995743f75107a1a84d749c64f7e490bc86bc814",
                "sha256:e94f3cb40ea2d723c44c82c16d715c03c6b3bd977d135b49535fdd5415fd9130"
            ],
            "markers": "platform_system == 'Windows'",
            "version": "==3.2.1"
        },
        "winrt-windows.devices.bluetooth": {
            "hashes": [
                "sha256:0803a417403a7d225316b9b0c4fe3f8446579d6a22f2f729a2c21f4befc74a80",
                "sha256:12b0a16fb36ce0b42243ca81f22a6b53fbb344ed7ea07a6eeec294604f0505e4",
                "sha256:18c833ec49e7076127463679e85efc59f61785ade0dc185c852586b21be1f31c",
                "sha256:1f61c178766a1bbce0669f44790c6161ff4669404c477b4aedaa576348f9e102",
                "sha256:20f6a21029034c18ea6a6b6df399671813b071102a0d6d8355bb78cf4f547cdb",
                "sha256:2cf8a0bfc9103e32dc7237af15f84be06c791f37711984abdca761f6318bbdb2",
                "sha256:3295d932cc93259d5ccb23a41e3a3af4c78ce5d6a6223b2b7638985f604fa34c",
                "sha256:32fc355bfdc5d6b3b1875df16eaf12f9b9fc0445e01177833c27d9a4fc0d50b6",
                "sha256:419fd1078c7749119f6b4bbf6be4e586e03a0ed544c03b83178f1d85f1b3d148",
                "sha256:44277a3f2cc5ac32ce9b4b2d96c5c5f601d394ac5f02cc71bcd551f738660e2d",
                "sha256:49489351037094a088a08fbdf0f99c94e3299b574edb211f717c4c727770af78",
                "sha256:6703dfbe444ee22426738830fb305c96a728ea9ccce905acfdf811d81045fdb3",
                "sha256:69c523814eab795bc1bf913292309cb1025ef0a67d5fc33863a98788995e551d",
                "sha256:8643afa53f9fb8fe3b05967227f86f0c8e1d7b822289e60a848c6368acc977d2",
                "sha256:9b6702c462b216c91e32388023a74d0f87210cef6fd5d93b7191e9427ce2faca",
                "sha256:b886ef1fc0ed49163ae6c2422dd5cb8dd4709da7972af26c8627e211872818d0",
                "sha256:db496d2d92742006d5a052468fc355bf7bb49e795341d695c374746113d74505",
                "sha256:de36ded53ca3ba12fc6dd4deb14b779acc391447726543815df4800348aad63a",
                "sha256:f4082a00b834c1e34b961e0612f3e581356bdb38c5798bd6842f88ec02e5152b"
            ],
            "markers": "platform_system == 'Windows'",
            "version": "==3.2.1"
        },
        "winrt-windows.devices.bluetooth.advertisement": {
            "hashes": [
                "sha256:0223852a7b7fa5c8dea3c6a93473bd783df4439b1ed938d9871f947933e574cc",
                "sha256:07af19b1d252ddb9dd3eb2965118bc2b7cabff4dda6e499341b765e5038ca61d",
                "sha256:18d4c5d8b80ee2d29cc13c2fc1353fdb3c0f620c8083701c9b9ecf5e6c503c8d",
                "sha256:2985565c265b3f9eab625361b0e40e88c94b03d89f5171f36146f2e88b3ee214",
                "sha256:4122348ea525a914e85615647a0b54ae8b2f42f92cdbf89c5a12eea53ef6ed90",
                "sha256:447d19defd8982d39944642eb7ebe89e4e20259ec9734116cf88879fb2c514ff",
                "sha256:6c4747d2e5b0e2ef24e9b84a848cf8fc50fb5b268a2086b5ee8680206d1e0197",
                "sha256:6d5d2295474deab444fc4311580c725a2ca8a814b0f3344d0779828891d75401",
                "sha256:75dd856611d847299078d56aee60e319df52975b931c992cd1d32ad5143fe772",
                "sha256:78e99dd48b4d89b71b7778c5085fdba64e754dd3ebc54fd09c200fe5222c6e09",
                "sha256:901933cc40de5eb7e5f4188897c899dd0b0f577cb2c13eab1a63c7dfe89b08c4",
                "sha256:a758c5f81a98cc38347fdfb024ce62720969480e8c5b98e402b89d2b09b32866",
                "sha256:b66410c04b8dae634a7e4b615c3b7f8adda9c7d4d6902bcad5b253da1a684943",
                "sha256:d102f3fac64fde32332e370969dfbc6f37b405d8cc055d9da30d14d07449a3c2",
                "sha256:e6c66e7d4f4ca86d2c801d30efd2b9673247b59a2b4c365d9e11650303d68d89",
                "sha256:e88a72e1e09c7ccc899a9e6d2ab3fc0f43b5dd4509bcc49ec4abf65b55ab015f",
                "sha256:f982ef72e729ddd60cdb975293866e84bb838798828933012a57ee4bf12b0ea1",
                "sha256:fe17c2cf63284646622e8b2742b064bf7970bbf53cfab02062136c67fa6b06c9",
                "sha256:ffeb5e946cd42c32c6999a62e240d6730c653cdfb7b49c7839afba375e20a62a"
            ],
            "markers": "platform_system == 'Windows'",
            "version": "==3.2.1"
        },
        "winrt-windows.devices.bluetooth.genericattributeprofile": {
            "hashes": [
                "sha256:0e557dd52fc80392b8bd7c237e1153a50a164b3983838b4ac674551072efc9ed",
                "sha256:13786a5853a933de140d456cd818696e1121c7c296ae7b7af262fc5d2cffb851",
                "sha256:4e71207bb89798016b1795bb15daf78afe45529f2939b3b9e78894cfe650b383",
                "sha256:5140682da2860f6a55eb6faf9e980724dc457c2e4b4b35a10e1cebd8fc97d892",
                "sha256:64cff62baa6b7aadd6c206e61d149113fdcda17360feb6e9d05bc8bbda4b9fde",
                "sha256:70b7edfca3190b89ae38bf60972b11978311b6d933d3142ae45560c955dbf5c7",
                "sha256:8179638a6c721b0bbf04ba251ef98d5e02d9a17f0cce377398e42c4fbb441415",
                "sha256:832cf65d035a11e6dbfef4fd66abdcc46be7e911ec96e2e72e98e12d8d5b9d3c",
                "sha256:8d4e131cf3d15fc5ad81c1bcde3509ac171298217381abed6bdf687f29871984",
                "sha256:8d8d89f01e9b6931fb48217847caac3227a0aeb38a5b7782af71c2e7b262ec30",
                "sha256:8e70fa970997e2e67a8a4172bc00b0b2a79b5ff5bb2668f79cf10b3fd63d3974",
                "sha256:963339a0161f9970b577a6193924be783978d11693da48b41a025f61b3c5562a",
                "sha256:af4914d7b30b49232092cd3b934e3ed6f5d3b1715ba47238541408ee595b7f46",
                "sha256:b1879c8dcf46bd2110b9ad4b0b185f4e2a5f95170d014539203a5fee2b2115f0",
                "sha256:cdf6ddc375e9150d040aca67f5a17c41ceaf13a63f3668f96608bc1d045dde71",
                "sha256:d43615c5dfa939dd30fe80dc0649434a13cc7cf0294ad0d7283d5a9f48c6ce86",
                "sha256:d5f83739ca370f0baf52b0400aebd6240ab80150081fbfba60fd6e7b2e7b4c5f",
                "sha256:db05de95cd1b24a51abb69cb936a8b17e9214e015757d0b37e3a5e207ddceb3d",
                "sha256:ef894d21e0a805f3e114940254636a8045335fa9de766c7022af5d127dfad557"
            ],
            "markers": "platform_system == 'Windows'",
            "version": "==3.2.1"
        },
        "winrt-windows.devices.enumeration": {
            "hashes": [
                "sha256:09bf07e74e897e97a49a9275d0a647819254ddb74142806bbbcf4777ed240a22",
                "sha256:0da1ddb8285d97a6775c36265d7157acf1bbcb88bcc9a7ce9a4549906c822472",
                "sha256:10da7d403ac4afd385fe13bd5808c9a5dd616a8ef31ca5c64cea3f87673661c1",
                "sha256:14a71cdcc84f624c209cbb846ed6bd9767a9a9437b2bf26b48ac9a91599da6e9",
                "sha256:1db22b0292b93b0688d11ad932ad1f3629d4f471310281a2fbfe187530c2c1f3",
                "sha256:2853d687803f0dd76ae1afe3648abc0453e09dff0e7eddbb84b792eddb0473ca",
                "sha256:2a725d04b4cb43aa0e2af035f73a60d16a6c0ff165fcb6b763383e4e33a975fd",
                "sha256:2d14d187f43e4409c7814b7d1693c03a270e77489b710d92fcbbaeca5de260d4",
                "sha256:3296a3863ac086928ff3f3dc872b2a2fb971dab728817424264f3ca547504e9e",
                "sha256:40dac777d8f45b41449f3ff1ae70f0d457f1ede53f53962a6e2521b651533db5",
                "sha256:6365ef5978d4add26678827286034acf474b6b133aa4054e76567d12194e6817",
                "sha256:679e471d21ac22cb50de1bf4dfc4c0c3f5da9f3e3fbc7f08dcacfe9de9d6dd58",
                "sha256:6ca40d334734829e178ad46375275c4f7b5d6d2d4fc2e8879690452cbfb36015",
                "sha256:986e8d651b769a0e60d2834834bdd3f6959f6a88caa0c9acb917797e6b43a588",
                "sha256:9f29465a6c6b0456e4330d4ad09eccdd53a17e1e97695c2e57db0d4666cc0011",
                "sha256:a101ec3e0ad0a0783032fdcd5dc48e7cd68ee034cbde4f903a8c7b391532c71a",
                "sha256:a73bc88d7f510af454f2b392985501c96f39b89fd987140708ccaec1588ceebc",
                "sha256:df316899e39bfc0ffc1f3cb0f5ee54d04e1d167fbbcc1484d2d5121449a935cf",
                "sha256:e087364273ed7c717cd0191fed4be9def6fdf229fe9b536a4b8d0228f7814106"
            ],
            "markers": "platform_system == 'Windows'",
            "version": "==3.2.1"
        },
        "winrt-windows.devices.radios": {
            "hashes": [
                "sha256:104b737fa1279a3b6a88ba3c6236157afc1de03c472657c45e5176ad7a209e23",
                "sha256:10b298ed154c5824cea2de174afce1694ed2aabfb58826de814074027ffef96f",
                "sha256:21452e1cae50e44cd1d5e78159e1b9986ac3389b66458ad89caa196ce5eca2d6",
                "sha256:39129fd9d09103adb003575f59881c1a5a70a43310547850150b46c6f4020312",
                "sha256:4c28822f9251c9d547324f596b5c2581f050254ded05e5b786c650a3502744c1",
                "sha256:4dc9b9d1501846049eb79428d64ec698d6476c27a357999b78a8331072e18a0b",
                "sha256:55b02877d2de06ca6f0f6140611a9af9d0c65710e28f1afdeaac1040433b1837",
                "sha256:59b868d45ff22afad21b0b0d1466ec43e54543c4e4c6f1efcc2d4adc77053bd5",
                "sha256:659e07e6aa5542587ccfc4d4e2cc6e1ef0869606c867a3e95fc82cc8aeaf1f81",
                "sha256:6a8413e586fe597c6849607885cca7e0549da33ae5699165d11f7911534c6eaf",
                "sha256:6cee6f946ff3a3571850d1ca745edaee7c331d06ca321873e650779654effc4a",
                "sha256:7c02790472414b6cda00d24a8cd23bca18e4b7474ddad4f9264f4484b891807e",
                "sha256:a116e552a3f38607b9be558fb2e7de9b4450d1f9080069944d74d80cdda1873e",
                "sha256:ae4a0065927fcd2d10215223f8a46be6fb89bad71cb4edd25dae3d01c137b3a8",
                "sha256:bf1a975f46a2aa271ffea1340be0c7e64985050d07433e701343dddc22a72290",
                "sha256:c3e683ce682338a5a5ed465f735e223ba7a22f16d0bbea2d070962bc7657edbb",
                "sha256:dbfcbb977f60f19c852204987ace0cd6f7a432d735882a45b3074fdbfd3fdb5a",
                "sha256:f87745486d313ba1e7562ca97f25ad436ec01ad4b3b9ea349fb6b6f25cb41104",
                "sha256:f97766fd551d06c102155d51b2922f96663dee045e1f8d57177def0a2149cb78"
            ],
            "markers": "platform_system == 'Windows'",
            "version": "==3.2.1"
        },
        "winrt-windows.foundation": {
            "hashes": [
                "sha256:14d5191725301498e4feb744d91f5b46ce317bf3d28370efda407d5c87f4423b",
                "sha256:2a8c1204db5c352f6a563130a5a41d25b887aff7897bb677d4ff0b660315aad4",
                "sha256:35e973ab3c77c2a943e139302256c040e017fd6ff1a75911c102964603bba1da",
                "sha256:3998dc58ed50ecbdbabace1cdef3a12920b725e32a5806d648ad3f4829d5ba46",
                "sha256:3be7fbae829b98a6a946db4fbaf356b11db1fbcbb5d4f37e7a73ac6b25de8b87",
                "sha256:45550c5b6c2125cde495c409633e6b1ea5aa1677724e3b95eb8140bfccbe30c9",
                "sha256:677e98165dcbbf7a2367f905bc61090ef2c568b6e465f87cf7276df4734f3b0b",
                "sha256:6e98617c1e46665c7a56ce3f5d28e252798416d1ebfee3201267a644a4e3c479",
                "sha256:806c77818217b3476e6c617293b3d5b0ff8a9901549dc3417586f6799938d671",
                "sha256:867642ccf629611733db482c4288e17b7919f743a5873450efb6d69ae09fdc2b",
                "sha256:94f4661d71cb35ebc52be7af112f2eeabdfa02cb05e0243bf9d6bd2cafaa6f37",
                "sha256:a22a7ebcec0d262e60119cff728f32962a02df60471ded8b2735a655eccc0ef5",
                "sha256:a8f27b4f0fdb73ccc4a3e24bc8010a6607b2bdd722fa799eafce7daa87d19d39",
                "sha256:ad2f1fcaa6c34672df45527d7c533731fdf65b67c4638c2b4aca949f6eec0656",
                "sha256:d1b5970241ccd61428f7330d099be75f4f52f25e510d82c84dbbdaadd625e437",
                "sha256:d900c6165fab4ea589811efa2feed27b532e1b6f505f63bf63e2052b8cb6bdc4",
                "sha256:de5e4f61d253a91ba05019dbf4338c43f962bdad935721ced5e7997933994af5",
                "sha256:ebbf6e8168398c9ed0c72c8bdde95a406b9fbb9a23e3705d4f0fe28e5a209705",
                "sha256:f3762be2f6e0f2aedf83a0742fd727290b397ffe3463d963d29211e4ebb53a7e"
            ],
            "markers": "platform_system == 'Windows'",
            "version": "==3.2.1"
        },
        "winrt-windows.foundation.collections": {
            "hashes": [
                "sha256:0eff1ad0d8d763ad17e9e7bbd0c26a62b27215016393c05b09b046d6503ae6d5",
                "sha256:15704eef3125788f846f269cf54a3d89656fa09a1dc8428b70871f717d595ad6",
                "sha256:20610f098b84c87765018cbc71471092197881f3b92e5d06158fad3bfcea2563",
                "sha256:2c4630027c93cdd518b0cf4cc726b8fbdbc3388e36d02aa1de190a0fc18ca523",
                "sha256:33188ed2d63e844c8adfbb82d1d3d461d64aaf78d225ce9c5930421b413c45ab",
                "sha256:34b556255562f1b36d07fba933c2bcd9f0db167fa96727a6cbb4717b152ad7a2",
                "sha256:3884146fea13727510458f6a14040b7632d5d90127028b9bfd503c6c655d0c01",
                "sha256:4267a711b63476d36d39227883aeb3fb19ac92b88a9fc9973e66fbce1fd4aed9",
                "sha256:46948484addfc4db981dab35688d4457533ceb54d4954922af41503fddaa8389",
                "sha256:550dfb8c82fe74d9e0728a2a16a9175cc9e34ca2b8ef758d69b2a398894b698b",
                "sha256:5e12a6e75036ee90484c33e204b85fb6785fcc9e7c8066ad65097301f48cdd10",
                "sha256:810ad4bd11ab4a74fdbcd3ed33b597ef7c0b03af73fc9d7986c22bcf3bd24f84",
                "sha256:899eaa3a93c35bfb1857d649e8dd60c38b978dda7cedd9725fcdbcebba156fd6",
                "sha256:9b272d9936e7db4840881c5dcf921eb26789ae4ef23fb6ec15e13e19a16254e7",
                "sha256:c36eb49ad1eba1b32134df768bb47af13cabb9b59f974a3cea37843e2d80e0e6",
                "sha256:c646a5d442dd6540ade50890081ca118b41f073356e19032d0a5d7d0d38fbc89",
                "sha256:d4cfece7e9c0ead2941e55a1da82f20d2b9c8003bb7a8853bb7f999b539f80a4",
                "sha256:e4c6bddb1359d5014ceb45fe2ecd838d4afeb1184f2ea202c2d21037af0d08a3",
                "sha256:e9739775320ac4c0238e1775d94a54e886d621f9995977e65d4feb8b3778c111"
            ],
            "markers": "platform_system == 'Windows'",
            "version": "==3.2.1"
        },
        "winrt-windows.storage.streams": {
            "hashes": [
                "sha256:040cb94e6fb26b0d00a00e8b88b06fadf29dfe18cf24ed6cb3e69709c3613307",
                "sha256:1c630cfdece58fcf82e4ed86c826326123529836d6d4d855ae8e9ceeff67b627",
                "sha256:202c5875606398b8bfaa2a290831458bb55f2196a39c1d4e5fa88a03d65ef915",
                "sha256:293e09825559d0929bbe5de01e1e115f7a6283d8996ab55652e5af365f032987",
                "sha256:3c5bf41d725369b9986e6d64bad7079372b95c329897d684f955d7028c7f27a0",
                "sha256:401bb44371720dc43bd1e78662615a2124372e7d5d9d65dfa8f77877bbcb8163",
                "sha256:476f522722751eb0b571bc7802d85a82a3cae8b1cce66061e6e758f525e7b80f",
                "sha256:48a78e5dc7d3488eb77e449c278bc6d6ac28abcdda7df298462c4112d7635d00",
                "sha256:5cd0dbad86fcc860366f6515fce97177b7eaa7069da261057be4813819ba37ee",
                "sha256:77c1f0e004b84347b5bd705e8f0fc63be8cd29a6093be13f1d0869d0d97b7d78",
                "sha256:7dace2f9e364422255d0e2f335f741bfe7abb1f4d4f6003622b2450b87c91e69",
                "sha256:89bb2d667ebed6861af36ed2710757456e12921ee56347946540320dacf6c003",
                "sha256:b02fa251a7eef6081eca1a5f64ecf349cfd1ac0ac0c5a5a30be52897d060bed5",
                "sha256:ca3c5ec0aab60895006bf61053a1aca6418bc7f9a27a34791ba3443b789d230d",
                "sha256:d7ff22434a4829d616a04b068a191ac79e008f6c27541bb178c1f6f1fe7a1657",
                "sha256:da71231d4a554f9f15f1249b4990c6431176f6dfb0e3385c7caa7896f4ca24d6",
                "sha256:e4508ee135af53e4fc142876abbf4bc7c2a95edfc7d19f52b291a8499cacd6dc",
                "sha256:efdf250140340a75647e8e8ad002782d91308e9fdd1e19470a5b9cc969ae4780",
                "sha256:fa90244191108f85f6f7afb43a11d365aca4e0722fe8adc62fb4d2c678d0993d"
            ],
            "markers": "platform_system == 'Windows'",
            "version": "==3.2.1"
        }
    },
    "develop": {}
}
